PODS:
  - Alamofire (5.1.0)
  - bootpay_api (0.0.1):
    - Flutter
    - SwiftyBootpay (= 3.2.46)
  - CryptoSwift (1.3.1)
  - Flutter (1.0.0)
  - ObjectMapper (4.1.0)
  - SwiftyBootpay (3.2.46):
    - Alamofire (~> 5.1.0)
    - CryptoSwift
    - ObjectMapper

DEPENDENCIES:
  - bootpay_api (from `.symlinks/plugins/bootpay_api/ios`)
  - Flutter (from `Flutter`)

SPEC REPOS:
  trunk:
    - Alamofire
    - CryptoSwift
    - ObjectMapper
    - SwiftyBootpay

EXTERNAL SOURCES:
  bootpay_api:
    :path: ".symlinks/plugins/bootpay_api/ios"
  Flutter:
    :path: Flutter

SPEC CHECKSUMS:
  Alamofire: 9d5c5f602928e512395b30950c5984eca840093c
  bootpay_api: d236cc50d70fa05dc4fc3f60c01cd6a4c0e8a357
  CryptoSwift: f12f037f6d0fcd6d48c96db0071b653de64e6c4d
  Flutter: 0e3d915762c693b495b44d77113d4970485de6ec
  ObjectMapper: 822c1d073f5eeeeca3568698a7a6c0e59f7135c4
  SwiftyBootpay: 31e1dbb582cf56993850a1d5b3f2d2961dd92d39

PODFILE CHECKSUM: 73d69d282a87aa0aafabdecb47f632fc347a9aac

COCOAPODS: 1.9.1
